
Microsoft Visual Studio Solution File, Format Version 12.00
# Visual Studio Version 17
VisualStudioVersion = 17.10.34916.146
MinimumVisualStudioVersion = 10.0.40219.1
Project("{FAE04EC0-301F-11D3-BF4B-00C04F79EFBC}") = "Orientada a objetos", "Orientada a objetos\Orientada a objetos.csproj", "{06E3642A-B89F-4162-A4CF-68654CDF83A8}"
EndProject
Global
	GlobalSection(SolutionConfigurationPlatforms) = preSolution
		Debug|Any CPU = Debug|Any CPU
		Release|Any CPU = Release|Any CPU
	EndGlobalSection
	GlobalSection(ProjectConfigurationPlatforms) = postSolution
		{06E3642A-B89F-4162-A4CF-68654CDF83A8}.Debug|Any CPU.ActiveCfg = Debug|Any CPU
		{06E3642A-B89F-4162-A4CF-68654CDF83A8}.Debug|Any CPU.Build.0 = Debug|Any CPU
		{06E3642A-B89F-4162-A4CF-68654CDF83A8}.Release|Any CPU.ActiveCfg = Release|Any CPU
		{06E3642A-B89F-4162-A4CF-68654CDF83A8}.Release|Any CPU.Build.0 = Release|Any CPU
	EndGlobalSection
	GlobalSection(SolutionProperties) = preSolution
		HideSolutionNode = FALSE
	EndGlobalSection
	GlobalSection(ExtensibilityGlobals) = postSolution
		SolutionGuid = {1C5BBAF1-3FCE-4827-AC55-EF0C8072D61F}
	EndGlobalSection
EndGlobal
